<Solution>
  <Folder Name="/01-Solution Items/">
    <File Path=".gitattributes" />
    <File Path=".gitignore" />
    <File Path="common.props" />
    <File Path="common.test.props" />
    <File Path="configureawait.props" />
    <File Path="Directory.Build.props" />
    <File Path="Directory.Packages.props" />
    <File Path="nuget.Config" />
    <File Path="README.md" />
    <File Path="version.props" />
  </Folder>
  <Folder Name="/02-src/">
    <Project Path="src/Hospital.Fw.Application.Contract/Hospital.Fw.Application.Contract.csproj" />
    <Project Path="src/Hospital.Fw.Application/Hospital.Fw.Application.csproj" />
    <Project Path="src/Hospital.Fw.Domain.Shared/Hospital.Fw.Domain.Shared.csproj" />
    <Project Path="src/Hospital.Fw.Domain/Hospital.Fw.Domain.csproj" />
    <Project Path="src/Hospital.Fw.HttpApi/Hospital.Fw.HttpApi.csproj" />
    <Project Path="src/Hospital.Fw.SqlSugarCore/Hospital.Fw.SqlSugarCore.csproj" />
  </Folder>
  <Folder Name="/03-module/">
    <Project Path="module/Hospital.Fw.BackgroundJobs/Hospital.Fw.BackgroundJobs.csproj" />
    <Project Path="module/Hospital.Fw.Interceptor.Logging/Hospital.Fw.Interceptor.Logging.csproj" />
    <Project Path="module/Hospital.Fw.Interceptor.Sequence/Hospital.Fw.Interceptor.Sequence.csproj" />
    <Project Path="module/Hospital.Fw.Interceptor/Hospital.Fw.Interceptor.csproj" />
    <Project Path="module/Hospital.Fw.Mo.Logging/Hospital.Fw.Mo.Logging.csproj" />
    <Project Path="module/Hospital.Fw.OpenApiToTsClient/Hospital.Fw.OpenApiToTsClient.csproj" Id="2538b826-3c2e-42b2-9edb-efa13bda1dc6" />
    <Project Path="module/Hospital.Fw.Permission/Hospital.Fw.Permission.csproj" />
    <Project Path="module/Hospital.Fw.TestBase/Hospital.Fw.TestBase.csproj" />
  </Folder>
  <Folder Name="/03-module/automaticApi/">
    <Project Path="module/automaticApi/Hospital.Fw.Automatic.Api.Application.Contract/Hospital.Fw.Automatic.Api.Application.Contract.csproj" Id="4c1eb889-a477-4053-81bb-e15ae1437e6d" />
    <Project Path="module/automaticApi/Hospital.Fw.Automatic.Api.Application/Hospital.Fw.Automatic.Api.Application.csproj" Id="536a3a11-0f0a-48e5-9c4d-194412610adb" />
    <Project Path="module/automaticApi/Hospital.Fw.Automatic.Api.Domain.Shared/Hospital.Fw.Automatic.Api.Domain.Shared.csproj" />
    <Project Path="module/automaticApi/Hospital.Fw.Automatic.Api.Domain/Hospital.Fw.Automatic.Api.Domain.csproj" Id="2e18b268-216e-4dfa-9be2-06f94ec0c89e" />
    <Project Path="module/automaticApi/Hospital.Fw.Automatic.Api.HttpApi/Hospital.Fw.Automatic.Api.HttpApi.csproj" Id="c984a087-7a44-4ae0-bebd-daa0795ec36b" />
    <Project Path="module/automaticApi/Hospital.Fw.Automatic.Api.SqlSugarCore/Hospital.Fw.Automatic.Api.SqlSugarCore.csproj" Id="aabd5f6a-49d6-43fa-94ae-be577b4fbcc6" />
  </Folder>
  <Folder Name="/04-custom/">
    <Project Path="custom/Hospital.Fw.Domain.Shared.Custom/Hospital.Fw.Domain.Shared.Custom.csproj" />
    <Project Path="custom/Hospital.Fw.HttpApi.Custom/Hospital.Fw.HttpApi.Custom.csproj" />
  </Folder>
  <Folder Name="/05-test/">
    <Project Path="test/Hospital.Fw.Api.Test/Hospital.Fw.Api.Test.csproj" Id="7b0fdb06-d60d-440c-9b90-de2b84495dbb" />
    <Project Path="test/Hospital.Fw.Application.Tests/Hospital.Fw.Application.Tests.csproj" />
    <Project Path="test/Hospital.Fw.PermissionTest/Hospital.Fw.PermissionTest.csproj" />
    <Project Path="test/Hospital.Fw.Test/Hospital.Fw.Test.csproj" />
  </Folder>
</Solution>
