
Microsoft Visual Studio Solution File, Format Version 12.00
# Visual Studio Version 18
VisualStudioVersion = 18.0.11018.127 d18.0
MinimumVisualStudioVersion = 10.0.40219.1
Project("{2150E333-8FDC-42A3-9474-1A3956D46DE8}") = "01-Solution Items", "01-Solution Items", "{2564D474-360A-489C-96A0-29A16716C37C}"
	ProjectSection(SolutionItems) = preProject
		.gitattributes = .gitattributes
		.gitignore = .gitignore
		common.props = common.props
		common.test.props = common.test.props
		configureawait.props = configureawait.props
		Directory.Build.props = Directory.Build.props
		Directory.Packages.props = Directory.Packages.props
		global.json = global.json
		nuget.Config = nuget.Config
		README.md = README.md
		version.props = version.props
	EndProjectSection
EndProject
Project("{2150E333-8FDC-42A3-9474-1A3956D46DE8}") = "02-src", "02-src", "{FCB4EE05-B98E-443B-80C1-471FD2229B11}"
EndProject
Project("{9A19103F-16F7-4668-BE54-9A1E7A4F7556}") = "Hospital.Fw.Application", "src\Hospital.Fw.Application\Hospital.Fw.Application.csproj", "{BBBCD343-9C66-40EE-8A69-AB05E325A423}"
EndProject
Project("{9A19103F-16F7-4668-BE54-9A1E7A4F7556}") = "Hospital.Fw.Application.Contract", "src\Hospital.Fw.Application.Contract\Hospital.Fw.Application.Contract.csproj", "{AA6135FC-87D4-44DD-88D2-3E0536A9D846}"
EndProject
Project("{9A19103F-16F7-4668-BE54-9A1E7A4F7556}") = "Hospital.Fw.Domain.Shared", "src\Hospital.Fw.Domain.Shared\Hospital.Fw.Domain.Shared.csproj", "{2F0876BA-71A8-4586-A238-6ADC5D742481}"
EndProject
Project("{9A19103F-16F7-4668-BE54-9A1E7A4F7556}") = "Hospital.Fw.Domain", "src\Hospital.Fw.Domain\Hospital.Fw.Domain.csproj", "{5934CDC1-BA28-464E-A2D0-834298DBCC88}"
EndProject
Project("{9A19103F-16F7-4668-BE54-9A1E7A4F7556}") = "Hospital.Fw.SqlSugarCore", "src\Hospital.Fw.SqlSugarCore\Hospital.Fw.SqlSugarCore.csproj", "{5A235657-39FD-4994-9AB2-2D21D7F5B3D0}"
EndProject
Project("{9A19103F-16F7-4668-BE54-9A1E7A4F7556}") = "Hospital.Fw.HttpApi", "src\Hospital.Fw.HttpApi\Hospital.Fw.HttpApi.csproj", "{66458BBB-0E43-4CD9-8268-0E1F688EA9D5}"
EndProject
Project("{2150E333-8FDC-42A3-9474-1A3956D46DE8}") = "05-test", "05-test", "{7D0EE67A-2A4C-4614-BAE6-1683F87901B1}"
EndProject
Project("{9A19103F-16F7-4668-BE54-9A1E7A4F7556}") = "Hospital.Fw.Test", "test\Hospital.Fw.Test\Hospital.Fw.Test.csproj", "{31792874-474D-4E58-9ADB-DEC8573342E7}"
EndProject
Project("{2150E333-8FDC-42A3-9474-1A3956D46DE8}") = "03-module", "03-module", "{865196ED-EBC7-49BB-BC7F-EE9111695025}"
EndProject
Project("{FAE04EC0-301F-11D3-BF4B-00C04F79EFBC}") = "Hospital.Fw.BackgroundJobs", "module\Hospital.Fw.BackgroundJobs\Hospital.Fw.BackgroundJobs.csproj", "{EEEC0D28-9D95-442F-AB5B-1EE3BBA03CAD}"
EndProject
Project("{FAE04EC0-301F-11D3-BF4B-00C04F79EFBC}") = "Hospital.Fw.Interceptor", "module\Hospital.Fw.Interceptor\Hospital.Fw.Interceptor.csproj", "{0C667B2F-8FA3-4A4E-8AEE-9B67C46DD47A}"
EndProject
Project("{FAE04EC0-301F-11D3-BF4B-00C04F79EFBC}") = "Hospital.Fw.Interceptor.Logging", "module\Hospital.Fw.Interceptor.Logging\Hospital.Fw.Interceptor.Logging.csproj", "{99F6E4AD-FAD6-4B8E-A3E1-58E6FDD4DEC2}"
EndProject
Project("{FAE04EC0-301F-11D3-BF4B-00C04F79EFBC}") = "Hospital.Fw.Mo.Logging", "module\Hospital.Fw.Mo.Logging\Hospital.Fw.Mo.Logging.csproj", "{9221E0EC-6246-46B1-9B7C-604A0ABF4A1A}"
EndProject
Project("{2150E333-8FDC-42A3-9474-1A3956D46DE8}") = "04-custom", "04-custom", "{02EA681E-C7D8-13C7-8484-4AC65E1B71E8}"
EndProject
Project("{FAE04EC0-301F-11D3-BF4B-00C04F79EFBC}") = "Hospital.Fw.Domain.Shared.Custom", "custom\Hospital.Fw.Domain.Shared.Custom\Hospital.Fw.Domain.Shared.Custom.csproj", "{13915C65-3C09-4158-9AD2-5B5687FC90D3}"
EndProject
Project("{FAE04EC0-301F-11D3-BF4B-00C04F79EFBC}") = "Hospital.Fw.HttpApi.Custom", "custom\Hospital.Fw.HttpApi.Custom\Hospital.Fw.HttpApi.Custom.csproj", "{9C053F79-3D2A-4D9E-BBBC-92969E3D613C}"
EndProject
Project("{FAE04EC0-301F-11D3-BF4B-00C04F79EFBC}") = "Hospital.Fw.Permission", "module\Hospital.Fw.Permission\Hospital.Fw.Permission.csproj", "{53C8735B-3CDF-E108-8A5F-0F99071FDE5E}"
EndProject
Project("{FAE04EC0-301F-11D3-BF4B-00C04F79EFBC}") = "Hospital.Fw.PermissionTest", "test\Hospital.Fw.PermissionTest\Hospital.Fw.PermissionTest.csproj", "{85BF4DBF-DAFD-5502-7B5A-A219020C918C}"
EndProject
Project("{FAE04EC0-301F-11D3-BF4B-00C04F79EFBC}") = "Hospital.Fw.Interceptor.Sequence", "module\Hospital.Fw.Interceptor.Sequence\Hospital.Fw.Interceptor.Sequence.csproj", "{3DDAE6A6-A4CA-4CB6-A2A0-514856D968BC}"
EndProject
Project("{FAE04EC0-301F-11D3-BF4B-00C04F79EFBC}") = "Hospital.Fw.Application.Tests", "test\Hospital.Fw.Application.Tests\Hospital.Fw.Application.Tests.csproj", "{61C53AA7-28BE-4032-9124-A40A53D56E8B}"
EndProject
Project("{FAE04EC0-301F-11D3-BF4B-00C04F79EFBC}") = "Hospital.Fw.TestBase", "module\Hospital.Fw.TestBase\Hospital.Fw.TestBase.csproj", "{011C6139-18E6-4F2D-A215-4925CE98E5A1}"
EndProject
Global
	GlobalSection(SolutionConfigurationPlatforms) = preSolution
		Debug|Any CPU = Debug|Any CPU
		Release|Any CPU = Release|Any CPU
	EndGlobalSection
	GlobalSection(ProjectConfigurationPlatforms) = postSolution
		{BBBCD343-9C66-40EE-8A69-AB05E325A423}.Debug|Any CPU.ActiveCfg = Debug|Any CPU
		{BBBCD343-9C66-40EE-8A69-AB05E325A423}.Debug|Any CPU.Build.0 = Debug|Any CPU
		{BBBCD343-9C66-40EE-8A69-AB05E325A423}.Release|Any CPU.ActiveCfg = Release|Any CPU
		{BBBCD343-9C66-40EE-8A69-AB05E325A423}.Release|Any CPU.Build.0 = Release|Any CPU
		{AA6135FC-87D4-44DD-88D2-3E0536A9D846}.Debug|Any CPU.ActiveCfg = Debug|Any CPU
		{AA6135FC-87D4-44DD-88D2-3E0536A9D846}.Debug|Any CPU.Build.0 = Debug|Any CPU
		{AA6135FC-87D4-44DD-88D2-3E0536A9D846}.Release|Any CPU.ActiveCfg = Release|Any CPU
		{AA6135FC-87D4-44DD-88D2-3E0536A9D846}.Release|Any CPU.Build.0 = Release|Any CPU
		{2F0876BA-71A8-4586-A238-6ADC5D742481}.Debug|Any CPU.ActiveCfg = Debug|Any CPU
		{2F0876BA-71A8-4586-A238-6ADC5D742481}.Debug|Any CPU.Build.0 = Debug|Any CPU
		{2F0876BA-71A8-4586-A238-6ADC5D742481}.Release|Any CPU.ActiveCfg = Release|Any CPU
		{2F0876BA-71A8-4586-A238-6ADC5D742481}.Release|Any CPU.Build.0 = Release|Any CPU
		{5934CDC1-BA28-464E-A2D0-834298DBCC88}.Debug|Any CPU.ActiveCfg = Debug|Any CPU
		{5934CDC1-BA28-464E-A2D0-834298DBCC88}.Debug|Any CPU.Build.0 = Debug|Any CPU
		{5934CDC1-BA28-464E-A2D0-834298DBCC88}.Release|Any CPU.ActiveCfg = Release|Any CPU
		{5934CDC1-BA28-464E-A2D0-834298DBCC88}.Release|Any CPU.Build.0 = Release|Any CPU
		{5A235657-39FD-4994-9AB2-2D21D7F5B3D0}.Debug|Any CPU.ActiveCfg = Debug|Any CPU
		{5A235657-39FD-4994-9AB2-2D21D7F5B3D0}.Debug|Any CPU.Build.0 = Debug|Any CPU
		{5A235657-39FD-4994-9AB2-2D21D7F5B3D0}.Release|Any CPU.ActiveCfg = Release|Any CPU
		{5A235657-39FD-4994-9AB2-2D21D7F5B3D0}.Release|Any CPU.Build.0 = Release|Any CPU
		{66458BBB-0E43-4CD9-8268-0E1F688EA9D5}.Debug|Any CPU.ActiveCfg = Debug|Any CPU
		{66458BBB-0E43-4CD9-8268-0E1F688EA9D5}.Debug|Any CPU.Build.0 = Debug|Any CPU
		{66458BBB-0E43-4CD9-8268-0E1F688EA9D5}.Release|Any CPU.ActiveCfg = Release|Any CPU
		{66458BBB-0E43-4CD9-8268-0E1F688EA9D5}.Release|Any CPU.Build.0 = Release|Any CPU
		{31792874-474D-4E58-9ADB-DEC8573342E7}.Debug|Any CPU.ActiveCfg = Debug|Any CPU
		{31792874-474D-4E58-9ADB-DEC8573342E7}.Debug|Any CPU.Build.0 = Debug|Any CPU
		{31792874-474D-4E58-9ADB-DEC8573342E7}.Release|Any CPU.ActiveCfg = Release|Any CPU
		{31792874-474D-4E58-9ADB-DEC8573342E7}.Release|Any CPU.Build.0 = Release|Any CPU
		{EEEC0D28-9D95-442F-AB5B-1EE3BBA03CAD}.Debug|Any CPU.ActiveCfg = Debug|Any CPU
		{EEEC0D28-9D95-442F-AB5B-1EE3BBA03CAD}.Debug|Any CPU.Build.0 = Debug|Any CPU
		{EEEC0D28-9D95-442F-AB5B-1EE3BBA03CAD}.Release|Any CPU.ActiveCfg = Release|Any CPU
		{EEEC0D28-9D95-442F-AB5B-1EE3BBA03CAD}.Release|Any CPU.Build.0 = Release|Any CPU
		{0C667B2F-8FA3-4A4E-8AEE-9B67C46DD47A}.Debug|Any CPU.ActiveCfg = Debug|Any CPU
		{0C667B2F-8FA3-4A4E-8AEE-9B67C46DD47A}.Debug|Any CPU.Build.0 = Debug|Any CPU
		{0C667B2F-8FA3-4A4E-8AEE-9B67C46DD47A}.Release|Any CPU.ActiveCfg = Release|Any CPU
		{0C667B2F-8FA3-4A4E-8AEE-9B67C46DD47A}.Release|Any CPU.Build.0 = Release|Any CPU
		{99F6E4AD-FAD6-4B8E-A3E1-58E6FDD4DEC2}.Debug|Any CPU.ActiveCfg = Debug|Any CPU
		{99F6E4AD-FAD6-4B8E-A3E1-58E6FDD4DEC2}.Debug|Any CPU.Build.0 = Debug|Any CPU
		{99F6E4AD-FAD6-4B8E-A3E1-58E6FDD4DEC2}.Release|Any CPU.ActiveCfg = Release|Any CPU
		{99F6E4AD-FAD6-4B8E-A3E1-58E6FDD4DEC2}.Release|Any CPU.Build.0 = Release|Any CPU
		{9221E0EC-6246-46B1-9B7C-604A0ABF4A1A}.Debug|Any CPU.ActiveCfg = Debug|Any CPU
		{9221E0EC-6246-46B1-9B7C-604A0ABF4A1A}.Debug|Any CPU.Build.0 = Debug|Any CPU
		{9221E0EC-6246-46B1-9B7C-604A0ABF4A1A}.Release|Any CPU.ActiveCfg = Release|Any CPU
		{9221E0EC-6246-46B1-9B7C-604A0ABF4A1A}.Release|Any CPU.Build.0 = Release|Any CPU
		{13915C65-3C09-4158-9AD2-5B5687FC90D3}.Debug|Any CPU.ActiveCfg = Debug|Any CPU
		{13915C65-3C09-4158-9AD2-5B5687FC90D3}.Debug|Any CPU.Build.0 = Debug|Any CPU
		{13915C65-3C09-4158-9AD2-5B5687FC90D3}.Release|Any CPU.ActiveCfg = Release|Any CPU
		{13915C65-3C09-4158-9AD2-5B5687FC90D3}.Release|Any CPU.Build.0 = Release|Any CPU
		{9C053F79-3D2A-4D9E-BBBC-92969E3D613C}.Debug|Any CPU.ActiveCfg = Debug|Any CPU
		{9C053F79-3D2A-4D9E-BBBC-92969E3D613C}.Debug|Any CPU.Build.0 = Debug|Any CPU
		{9C053F79-3D2A-4D9E-BBBC-92969E3D613C}.Release|Any CPU.ActiveCfg = Release|Any CPU
		{9C053F79-3D2A-4D9E-BBBC-92969E3D613C}.Release|Any CPU.Build.0 = Release|Any CPU
		{53C8735B-3CDF-E108-8A5F-0F99071FDE5E}.Debug|Any CPU.ActiveCfg = Debug|Any CPU
		{53C8735B-3CDF-E108-8A5F-0F99071FDE5E}.Debug|Any CPU.Build.0 = Debug|Any CPU
		{53C8735B-3CDF-E108-8A5F-0F99071FDE5E}.Release|Any CPU.ActiveCfg = Release|Any CPU
		{53C8735B-3CDF-E108-8A5F-0F99071FDE5E}.Release|Any CPU.Build.0 = Release|Any CPU
		{85BF4DBF-DAFD-5502-7B5A-A219020C918C}.Debug|Any CPU.ActiveCfg = Debug|Any CPU
		{85BF4DBF-DAFD-5502-7B5A-A219020C918C}.Debug|Any CPU.Build.0 = Debug|Any CPU
		{85BF4DBF-DAFD-5502-7B5A-A219020C918C}.Release|Any CPU.ActiveCfg = Release|Any CPU
		{85BF4DBF-DAFD-5502-7B5A-A219020C918C}.Release|Any CPU.Build.0 = Release|Any CPU
		{3DDAE6A6-A4CA-4CB6-A2A0-514856D968BC}.Debug|Any CPU.ActiveCfg = Debug|Any CPU
		{3DDAE6A6-A4CA-4CB6-A2A0-514856D968BC}.Debug|Any CPU.Build.0 = Debug|Any CPU
		{3DDAE6A6-A4CA-4CB6-A2A0-514856D968BC}.Release|Any CPU.ActiveCfg = Release|Any CPU
		{3DDAE6A6-A4CA-4CB6-A2A0-514856D968BC}.Release|Any CPU.Build.0 = Release|Any CPU
		{61C53AA7-28BE-4032-9124-A40A53D56E8B}.Debug|Any CPU.ActiveCfg = Debug|Any CPU
		{61C53AA7-28BE-4032-9124-A40A53D56E8B}.Debug|Any CPU.Build.0 = Debug|Any CPU
		{61C53AA7-28BE-4032-9124-A40A53D56E8B}.Release|Any CPU.ActiveCfg = Release|Any CPU
		{61C53AA7-28BE-4032-9124-A40A53D56E8B}.Release|Any CPU.Build.0 = Release|Any CPU
		{011C6139-18E6-4F2D-A215-4925CE98E5A1}.Debug|Any CPU.ActiveCfg = Debug|Any CPU
		{011C6139-18E6-4F2D-A215-4925CE98E5A1}.Debug|Any CPU.Build.0 = Debug|Any CPU
		{011C6139-18E6-4F2D-A215-4925CE98E5A1}.Release|Any CPU.ActiveCfg = Release|Any CPU
		{011C6139-18E6-4F2D-A215-4925CE98E5A1}.Release|Any CPU.Build.0 = Release|Any CPU
	EndGlobalSection
	GlobalSection(SolutionProperties) = preSolution
		HideSolutionNode = FALSE
	EndGlobalSection
	GlobalSection(NestedProjects) = preSolution
		{BBBCD343-9C66-40EE-8A69-AB05E325A423} = {FCB4EE05-B98E-443B-80C1-471FD2229B11}
		{AA6135FC-87D4-44DD-88D2-3E0536A9D846} = {FCB4EE05-B98E-443B-80C1-471FD2229B11}
		{2F0876BA-71A8-4586-A238-6ADC5D742481} = {FCB4EE05-B98E-443B-80C1-471FD2229B11}
		{5934CDC1-BA28-464E-A2D0-834298DBCC88} = {FCB4EE05-B98E-443B-80C1-471FD2229B11}
		{5A235657-39FD-4994-9AB2-2D21D7F5B3D0} = {FCB4EE05-B98E-443B-80C1-471FD2229B11}
		{66458BBB-0E43-4CD9-8268-0E1F688EA9D5} = {FCB4EE05-B98E-443B-80C1-471FD2229B11}
		{31792874-474D-4E58-9ADB-DEC8573342E7} = {7D0EE67A-2A4C-4614-BAE6-1683F87901B1}
		{EEEC0D28-9D95-442F-AB5B-1EE3BBA03CAD} = {865196ED-EBC7-49BB-BC7F-EE9111695025}
		{0C667B2F-8FA3-4A4E-8AEE-9B67C46DD47A} = {865196ED-EBC7-49BB-BC7F-EE9111695025}
		{99F6E4AD-FAD6-4B8E-A3E1-58E6FDD4DEC2} = {865196ED-EBC7-49BB-BC7F-EE9111695025}
		{9221E0EC-6246-46B1-9B7C-604A0ABF4A1A} = {865196ED-EBC7-49BB-BC7F-EE9111695025}
		{13915C65-3C09-4158-9AD2-5B5687FC90D3} = {02EA681E-C7D8-13C7-8484-4AC65E1B71E8}
		{9C053F79-3D2A-4D9E-BBBC-92969E3D613C} = {02EA681E-C7D8-13C7-8484-4AC65E1B71E8}
		{53C8735B-3CDF-E108-8A5F-0F99071FDE5E} = {865196ED-EBC7-49BB-BC7F-EE9111695025}
		{85BF4DBF-DAFD-5502-7B5A-A219020C918C} = {7D0EE67A-2A4C-4614-BAE6-1683F87901B1}
		{3DDAE6A6-A4CA-4CB6-A2A0-514856D968BC} = {865196ED-EBC7-49BB-BC7F-EE9111695025}
		{61C53AA7-28BE-4032-9124-A40A53D56E8B} = {7D0EE67A-2A4C-4614-BAE6-1683F87901B1}
		{011C6139-18E6-4F2D-A215-4925CE98E5A1} = {865196ED-EBC7-49BB-BC7F-EE9111695025}
	EndGlobalSection
	GlobalSection(ExtensibilityGlobals) = postSolution
		SolutionGuid = {22C8EE45-8F06-4770-B299-BD19A1084052}
	EndGlobalSection
EndGlobal
