
Microsoft Visual Studio Solution File, Format Version 12.00
# Visual Studio Version 17
VisualStudioVersion = 17.0.31903.59
MinimumVisualStudioVersion = 10.0.40219.1
Project("{2150E333-8FDC-42A3-9474-1A3956D46DE8}") = "01-Solution Items", "01-Solution Items", "{2564D474-360A-489C-96A0-29A16716C37C}"
	ProjectSection(SolutionItems) = preProject
		.gitattributes = .gitattributes
		.gitignore = .gitignore
		common.props = common.props
		common.test.props = common.test.props
		configureawait.props = configureawait.props
		Directory.Build.props = Directory.Build.props
		Directory.Packages.props = Directory.Packages.props
		global.json = global.json
		nuget.Config = nuget.Config
		README.md = README.md
		version.props = version.props
	EndProjectSection
EndProject
Project("{2150E333-8FDC-42A3-9474-1A3956D46DE8}") = "02-src", "02-src", "{BDD94780-467E-43C9-9BFE-D7224A6D744A}"
EndProject
Project("{FAE04EC0-301F-11D3-BF4B-00C04F79EFBC}") = "Template.Application", "src\Template.Application\Template.Application.csproj", "{E5A65E67-106E-4B67-A931-CA9D6FE86AA9}"
EndProject
Project("{FAE04EC0-301F-11D3-BF4B-00C04F79EFBC}") = "Template.Application.Contract", "src\Template.Application.Contract\Template.Application.Contract.csproj", "{706E9D59-CBA5-4F7D-AFB2-B0FB5A2998DF}"
EndProject
Project("{FAE04EC0-301F-11D3-BF4B-00C04F79EFBC}") = "Template.Domain", "src\Template.Domain\Template.Domain.csproj", "{CE1B2178-93E3-470C-8DBE-18DBEFA2FE5C}"
EndProject
Project("{FAE04EC0-301F-11D3-BF4B-00C04F79EFBC}") = "Template.Domain.Shared", "src\Template.Domain.Shared\Template.Domain.Shared.csproj", "{71767874-48DF-4E52-A080-599788120EDB}"
EndProject
Project("{FAE04EC0-301F-11D3-BF4B-00C04F79EFBC}") = "Template.HttpApi", "src\Template.HttpApi\Template.HttpApi.csproj", "{C2F75529-9407-4904-979E-423B52826B1D}"
EndProject
Project("{FAE04EC0-301F-11D3-BF4B-00C04F79EFBC}") = "Template.SqlSugarCore", "src\Template.SqlSugarCore\Template.SqlSugarCore.csproj", "{0111669A-CF87-483A-BDB2-BE3D8F51738C}"
EndProject
Project("{FAE04EC0-301F-11D3-BF4B-00C04F79EFBC}") = "Template.Host", "src\Template.Host\Template.Host.csproj", "{44A8B15C-B659-4DF1-A382-230AAF65F5A9}"
EndProject
Global
	GlobalSection(SolutionConfigurationPlatforms) = preSolution
		Debug|Any CPU = Debug|Any CPU
		Release|Any CPU = Release|Any CPU
	EndGlobalSection
	GlobalSection(ProjectConfigurationPlatforms) = postSolution
		{E5A65E67-106E-4B67-A931-CA9D6FE86AA9}.Debug|Any CPU.ActiveCfg = Debug|Any CPU
		{E5A65E67-106E-4B67-A931-CA9D6FE86AA9}.Debug|Any CPU.Build.0 = Debug|Any CPU
		{E5A65E67-106E-4B67-A931-CA9D6FE86AA9}.Release|Any CPU.ActiveCfg = Release|Any CPU
		{E5A65E67-106E-4B67-A931-CA9D6FE86AA9}.Release|Any CPU.Build.0 = Release|Any CPU
		{706E9D59-CBA5-4F7D-AFB2-B0FB5A2998DF}.Debug|Any CPU.ActiveCfg = Debug|Any CPU
		{706E9D59-CBA5-4F7D-AFB2-B0FB5A2998DF}.Debug|Any CPU.Build.0 = Debug|Any CPU
		{706E9D59-CBA5-4F7D-AFB2-B0FB5A2998DF}.Release|Any CPU.ActiveCfg = Release|Any CPU
		{706E9D59-CBA5-4F7D-AFB2-B0FB5A2998DF}.Release|Any CPU.Build.0 = Release|Any CPU
		{CE1B2178-93E3-470C-8DBE-18DBEFA2FE5C}.Debug|Any CPU.ActiveCfg = Debug|Any CPU
		{CE1B2178-93E3-470C-8DBE-18DBEFA2FE5C}.Debug|Any CPU.Build.0 = Debug|Any CPU
		{CE1B2178-93E3-470C-8DBE-18DBEFA2FE5C}.Release|Any CPU.ActiveCfg = Release|Any CPU
		{CE1B2178-93E3-470C-8DBE-18DBEFA2FE5C}.Release|Any CPU.Build.0 = Release|Any CPU
		{71767874-48DF-4E52-A080-599788120EDB}.Debug|Any CPU.ActiveCfg = Debug|Any CPU
		{71767874-48DF-4E52-A080-599788120EDB}.Debug|Any CPU.Build.0 = Debug|Any CPU
		{71767874-48DF-4E52-A080-599788120EDB}.Release|Any CPU.ActiveCfg = Release|Any CPU
		{71767874-48DF-4E52-A080-599788120EDB}.Release|Any CPU.Build.0 = Release|Any CPU
		{C2F75529-9407-4904-979E-423B52826B1D}.Debug|Any CPU.ActiveCfg = Debug|Any CPU
		{C2F75529-9407-4904-979E-423B52826B1D}.Debug|Any CPU.Build.0 = Debug|Any CPU
		{C2F75529-9407-4904-979E-423B52826B1D}.Release|Any CPU.ActiveCfg = Release|Any CPU
		{C2F75529-9407-4904-979E-423B52826B1D}.Release|Any CPU.Build.0 = Release|Any CPU
		{0111669A-CF87-483A-BDB2-BE3D8F51738C}.Debug|Any CPU.ActiveCfg = Debug|Any CPU
		{0111669A-CF87-483A-BDB2-BE3D8F51738C}.Debug|Any CPU.Build.0 = Debug|Any CPU
		{0111669A-CF87-483A-BDB2-BE3D8F51738C}.Release|Any CPU.ActiveCfg = Release|Any CPU
		{0111669A-CF87-483A-BDB2-BE3D8F51738C}.Release|Any CPU.Build.0 = Release|Any CPU
		{44A8B15C-B659-4DF1-A382-230AAF65F5A9}.Debug|Any CPU.ActiveCfg = Debug|Any CPU
		{44A8B15C-B659-4DF1-A382-230AAF65F5A9}.Debug|Any CPU.Build.0 = Debug|Any CPU
		{44A8B15C-B659-4DF1-A382-230AAF65F5A9}.Release|Any CPU.ActiveCfg = Release|Any CPU
		{44A8B15C-B659-4DF1-A382-230AAF65F5A9}.Release|Any CPU.Build.0 = Release|Any CPU
	EndGlobalSection
	GlobalSection(SolutionProperties) = preSolution
		HideSolutionNode = FALSE
	EndGlobalSection
	GlobalSection(NestedProjects) = preSolution
		{E5A65E67-106E-4B67-A931-CA9D6FE86AA9} = {BDD94780-467E-43C9-9BFE-D7224A6D744A}
		{706E9D59-CBA5-4F7D-AFB2-B0FB5A2998DF} = {BDD94780-467E-43C9-9BFE-D7224A6D744A}
		{CE1B2178-93E3-470C-8DBE-18DBEFA2FE5C} = {BDD94780-467E-43C9-9BFE-D7224A6D744A}
		{71767874-48DF-4E52-A080-599788120EDB} = {BDD94780-467E-43C9-9BFE-D7224A6D744A}
		{C2F75529-9407-4904-979E-423B52826B1D} = {BDD94780-467E-43C9-9BFE-D7224A6D744A}
		{0111669A-CF87-483A-BDB2-BE3D8F51738C} = {BDD94780-467E-43C9-9BFE-D7224A6D744A}
		{44A8B15C-B659-4DF1-A382-230AAF65F5A9} = {BDD94780-467E-43C9-9BFE-D7224A6D744A}
	EndGlobalSection
	GlobalSection(ExtensibilityGlobals) = postSolution
		SolutionGuid = {76C0F383-A58D-4146-8A9E-8008B800C7FE}
	EndGlobalSection
EndGlobal
